<?xml version="1.0" encoding="utf-8"?>
<Project ToolsVersion="4.0" xmlns="http://schemas.microsoft.com/developer/msbuild/2003">
  <ItemGroup>
    <Filter Include="Source Files">
      <UniqueIdentifier>{4FC737F1-C7A5-4376-A066-2A32D752A2FF}</UniqueIdentifier>
      <Extensions>cpp;c;cc;cxx;def;odl;idl;hpj;bat;asm;asmx</Extensions>
    </Filter>
    <Filter Include="Header Files">
      <UniqueIdentifier>{93995380-89BD-4b04-88EB-625FBE52EBFB}</UniqueIdentifier>
      <Extensions>h;hh;hpp;hxx;hm;inl;inc;xsd</Extensions>
    </Filter>
    <Filter Include="Resource Files">
      <UniqueIdentifier>{67DA6AB6-F800-4c08-8B7A-83BB121AAD01}</UniqueIdentifier>
      <Extensions>rc;ico;cur;bmp;dlg;rc2;rct;bin;rgs;gif;jpg;jpeg;jpe;resx;tiff;tif;png;wav;mfcribbon-ms</Extensions>
    </Filter>
  </ItemGroup>
  <ItemGroup>
    <ClCompile Include="..\Assignment 4\mylexer.cpp">
      <Filter>Source Files</Filter>
    </ClCompile>
    <ClCompile Include="..\..\..\..\..\..\..\Program Files (x86)\Parser Generator 2\Cpp\Source\yywcuofw.cpp">
      <Filter>Resource Files</Filter>
    </ClCompile>
    <ClCompile Include="..\..\..\..\..\..\..\Program Files (x86)\Parser Generator 2\Cpp\Source\yywcvtlv.cpp">
      <Filter>Resource Files</Filter>
    </ClCompile>
    <ClCompile Include="..\..\..\..\..\..\..\Program Files (x86)\Parser Generator 2\Cpp\Source\yywcvts.cpp">
      <Filter>Resource Files</Filter>
    </ClCompile>
    <ClCompile Include="..\..\..\..\..\..\..\Program Files (x86)\Parser Generator 2\Cpp\Source\yywcwipe.cpp">
      <Filter>Resource Files</Filter>
    </ClCompile>
    <ClCompile Include="..\..\..\..\..\..\..\Program Files (x86)\Parser Generator 2\Cpp\Source\yywcwrap.cpp">
      <Filter>Resource Files</Filter>
    </ClCompile>
    <ClCompile Include="..\..\..\..\..\..\..\Program Files (x86)\Parser Generator 2\Cpp\Source\yywcwrk.cpp">
      <Filter>Resource Files</Filter>
    </ClCompile>
    <ClCompile Include="..\..\..\..\..\..\..\Program Files (x86)\Parser Generator 2\Cpp\Source\yywcwrkc.cpp">
      <Filter>Resource Files</Filter>
    </ClCompile>
    <ClCompile Include="..\..\..\..\..\..\..\Program Files (x86)\Parser Generator 2\Cpp\Source\yyacback.cpp">
      <Filter>Resource Files</Filter>
    </ClCompile>
    <ClCompile Include="..\..\..\..\..\..\..\Program Files (x86)\Parser Generator 2\Cpp\Source\yyaccpya.cpp">
      <Filter>Resource Files</Filter>
    </ClCompile>
    <ClCompile Include="..\..\..\..\..\..\..\Program Files (x86)\Parser Generator 2\Cpp\Source\yyacdci.cpp">
      <Filter>Resource Files</Filter>
    </ClCompile>
    <ClCompile Include="..\..\..\..\..\..\..\Program Files (x86)\Parser Generator 2\Cpp\Source\yyacdcic.cpp">
      <Filter>Resource Files</Filter>
    </ClCompile>
    <ClCompile Include="..\..\..\..\..\..\..\Program Files (x86)\Parser Generator 2\Cpp\Source\yyacdela.cpp">
      <Filter>Resource Files</Filter>
    </ClCompile>
    <ClCompile Include="..\..\..\..\..\..\..\Program Files (x86)\Parser Generator 2\Cpp\Source\yyacdisc.cpp">
      <Filter>Resource Files</Filter>
    </ClCompile>
    <ClCompile Include="..\..\..\..\..\..\..\Program Files (x86)\Parser Generator 2\Cpp\Source\yyacdop.cpp">
      <Filter>Resource Files</Filter>
    </ClCompile>
    <ClCompile Include="..\..\..\..\..\..\..\Program Files (x86)\Parser Generator 2\Cpp\Source\yyacdpop.cpp">
      <Filter>Resource Files</Filter>
    </ClCompile>
    <ClCompile Include="..\..\..\..\..\..\..\Program Files (x86)\Parser Generator 2\Cpp\Source\yyacecho.cpp">
      <Filter>Resource Files</Filter>
    </ClCompile>
    <ClCompile Include="..\..\..\..\..\..\..\Program Files (x86)\Parser Generator 2\Cpp\Source\yyacgetc.cpp">
      <Filter>Resource Files</Filter>
    </ClCompile>
    <ClCompile Include="..\..\..\..\..\..\..\Program Files (x86)\Parser Generator 2\Cpp\Source\yyacgtok.cpp">
      <Filter>Resource Files</Filter>
    </ClCompile>
    <ClCompile Include="..\..\..\..\..\..\..\Program Files (x86)\Parser Generator 2\Cpp\Source\yyacinp.cpp">
      <Filter>Resource Files</Filter>
    </ClCompile>
    <ClCompile Include="..\..\..\..\..\..\..\Program Files (x86)\Parser Generator 2\Cpp\Source\yyaclcln.cpp">
      <Filter>Resource Files</Filter>
    </ClCompile>
    <ClCompile Include="..\..\..\..\..\..\..\Program Files (x86)\Parser Generator 2\Cpp\Source\yyaclcon.cpp">
      <Filter>Resource Files</Filter>
    </ClCompile>
    <ClCompile Include="..\..\..\..\..\..\..\Program Files (x86)\Parser Generator 2\Cpp\Source\yyaclcre.cpp">
      <Filter>Resource Files</Filter>
    </ClCompile>
    <ClCompile Include="..\..\..\..\..\..\..\Program Files (x86)\Parser Generator 2\Cpp\Source\yyacldbg.cpp">
      <Filter>Resource Files</Filter>
    </ClCompile>
    <ClCompile Include="..\..\..\..\..\..\..\Program Files (x86)\Parser Generator 2\Cpp\Source\yyacldes.cpp">
      <Filter>Resource Files</Filter>
    </ClCompile>
    <ClCompile Include="..\..\..\..\..\..\..\Program Files (x86)\Parser Generator 2\Cpp\Source\yyaclerr.cpp">
      <Filter>Resource Files</Filter>
    </ClCompile>
    <ClCompile Include="..\..\..\..\..\..\..\Program Files (x86)\Parser Generator 2\Cpp\Source\yyacless.cpp">
      <Filter>Resource Files</Filter>
    </ClCompile>
    <ClCompile Include="..\..\..\..\..\..\..\Program Files (x86)\Parser Generator 2\Cpp\Source\yyaclex.cpp">
      <Filter>Resource Files</Filter>
    </ClCompile>
    <ClCompile Include="..\..\..\..\..\..\..\Program Files (x86)\Parser Generator 2\Cpp\Source\yyaclexc.cpp">
      <Filter>Resource Files</Filter>
    </ClCompile>
    <ClCompile Include="..\..\..\..\..\..\..\Program Files (x86)\Parser Generator 2\Cpp\Source\yyaclvts.cpp">
      <Filter>Resource Files</Filter>
    </ClCompile>
    <ClCompile Include="..\..\..\..\..\..\..\Program Files (x86)\Parser Generator 2\Cpp\Source\yyaclvtv.cpp">
      <Filter>Resource Files</Filter>
    </ClCompile>
    <ClCompile Include="..\..\..\..\..\..\..\Program Files (x86)\Parser Generator 2\Cpp\Source\yyacnewa.cpp">
      <Filter>Resource Files</Filter>
    </ClCompile>
    <ClCompile Include="..\..\..\..\..\..\..\Program Files (x86)\Parser Generator 2\Cpp\Source\yyacoutp.cpp">
      <Filter>Resource Files</Filter>
    </ClCompile>
    <ClCompile Include="..\..\..\..\..\..\..\Program Files (x86)\Parser Generator 2\Cpp\Source\yyacpar.cpp">
      <Filter>Resource Files</Filter>
    </ClCompile>
    <ClCompile Include="..\..\..\..\..\..\..\Program Files (x86)\Parser Generator 2\Cpp\Source\yyacpcln.cpp">
      <Filter>Resource Files</Filter>
    </ClCompile>
    <ClCompile Include="..\..\..\..\..\..\..\Program Files (x86)\Parser Generator 2\Cpp\Source\yyacpcon.cpp">
      <Filter>Resource Files</Filter>
    </ClCompile>
    <ClCompile Include="..\..\..\..\..\..\..\Program Files (x86)\Parser Generator 2\Cpp\Source\yyacpcre.cpp">
      <Filter>Resource Files</Filter>
    </ClCompile>
    <ClCompile Include="..\..\..\..\..\..\..\Program Files (x86)\Parser Generator 2\Cpp\Source\yyacpdbg.cpp">
      <Filter>Resource Files</Filter>
    </ClCompile>
    <ClCompile Include="..\..\..\..\..\..\..\Program Files (x86)\Parser Generator 2\Cpp\Source\yyacpdes.cpp">
      <Filter>Resource Files</Filter>
    </ClCompile>
    <ClCompile Include="..\..\..\..\..\..\..\Program Files (x86)\Parser Generator 2\Cpp\Source\yyacperr.cpp">
      <Filter>Resource Files</Filter>
    </ClCompile>
    <ClCompile Include="..\..\..\..\..\..\..\Program Files (x86)\Parser Generator 2\Cpp\Source\yyacpop.cpp">
      <Filter>Resource Files</Filter>
    </ClCompile>
    <ClCompile Include="..\..\..\..\..\..\..\Program Files (x86)\Parser Generator 2\Cpp\Source\yyacpp.cpp">
      <Filter>Resource Files</Filter>
    </ClCompile>
    <ClCompile Include="..\..\..\..\..\..\..\Program Files (x86)\Parser Generator 2\Cpp\Source\yyacpush.cpp">
      <Filter>Resource Files</Filter>
    </ClCompile>
    <ClCompile Include="..\..\..\..\..\..\..\Program Files (x86)\Parser Generator 2\Cpp\Source\yyacres.cpp">
      <Filter>Resource Files</Filter>
    </ClCompile>
    <ClCompile Include="..\..\..\..\..\..\..\Program Files (x86)\Parser Generator 2\Cpp\Source\yyacserr.cpp">
      <Filter>Resource Files</Filter>
    </ClCompile>
    <ClCompile Include="..\..\..\..\..\..\..\Program Files (x86)\Parser Generator 2\Cpp\Source\yyacsin.cpp">
      <Filter>Resource Files</Filter>
    </ClCompile>
    <ClCompile Include="..\..\..\..\..\..\..\Program Files (x86)\Parser Generator 2\Cpp\Source\yyacsofw.cpp">
      <Filter>Resource Files</Filter>
    </ClCompile>
    <ClCompile Include="..\..\..\..\..\..\..\Program Files (x86)\Parser Generator 2\Cpp\Source\yyacsskp.cpp">
      <Filter>Resource Files</Filter>
    </ClCompile>
    <ClCompile Include="..\..\..\..\..\..\..\Program Files (x86)\Parser Generator 2\Cpp\Source\yyacsssz.cpp">
      <Filter>Resource Files</Filter>
    </ClCompile>
    <ClCompile Include="..\..\..\..\..\..\..\Program Files (x86)\Parser Generator 2\Cpp\Source\yyacstsz.cpp">
      <Filter>Resource Files</Filter>
    </ClCompile>
    <ClCompile Include="..\..\..\..\..\..\..\Program Files (x86)\Parser Generator 2\Cpp\Source\yyacstv.cpp">
      <Filter>Resource Files</Filter>
    </ClCompile>
    <ClCompile Include="..\..\..\..\..\..\..\Program Files (x86)\Parser Generator 2\Cpp\Source\yyacsup.cpp">
      <Filter>Resource Files</Filter>
    </ClCompile>
    <ClCompile Include="..\..\..\..\..\..\..\Program Files (x86)\Parser Generator 2\Cpp\Source\yyacsusz.cpp">
      <Filter>Resource Files</Filter>
    </ClCompile>
    <ClCompile Include="..\..\..\..\..\..\..\Program Files (x86)\Parser Generator 2\Cpp\Source\yyactofw.cpp">
      <Filter>Resource Files</Filter>
    </ClCompile>
    <ClCompile Include="..\..\..\..\..\..\..\Program Files (x86)\Parser Generator 2\Cpp\Source\yyacucin.cpp">
      <Filter>Resource Files</Filter>
    </ClCompile>
    <ClCompile Include="..\..\..\..\..\..\..\Program Files (x86)\Parser Generator 2\Cpp\Source\yyacunp.cpp">
      <Filter>Resource Files</Filter>
    </ClCompile>
    <ClCompile Include="..\..\..\..\..\..\..\Program Files (x86)\Parser Generator 2\Cpp\Source\yyacuofw.cpp">
      <Filter>Resource Files</Filter>
    </ClCompile>
    <ClCompile Include="..\..\..\..\..\..\..\Program Files (x86)\Parser Generator 2\Cpp\Source\yyacvtlv.cpp">
      <Filter>Resource Files</Filter>
    </ClCompile>
    <ClCompile Include="..\..\..\..\..\..\..\Program Files (x86)\Parser Generator 2\Cpp\Source\yyacvts.cpp">
      <Filter>Resource Files</Filter>
    </ClCompile>
    <ClCompile Include="..\..\..\..\..\..\..\Program Files (x86)\Parser Generator 2\Cpp\Source\yyacwip.cpp">
      <Filter>Resource Files</Filter>
    </ClCompile>
    <ClCompile Include="..\..\..\..\..\..\..\Program Files (x86)\Parser Generator 2\Cpp\Source\yyacwrap.cpp">
      <Filter>Resource Files</Filter>
    </ClCompile>
    <ClCompile Include="..\..\..\..\..\..\..\Program Files (x86)\Parser Generator 2\Cpp\Source\yyacwrk.cpp">
      <Filter>Resource Files</Filter>
    </ClCompile>
    <ClCompile Include="..\..\..\..\..\..\..\Program Files (x86)\Parser Generator 2\Cpp\Source\yyacwrkc.cpp">
      <Filter>Resource Files</Filter>
    </ClCompile>
    <ClCompile Include="..\..\..\..\..\..\..\Program Files (x86)\Parser Generator 2\Cpp\Source\yywcback.cpp">
      <Filter>Resource Files</Filter>
    </ClCompile>
    <ClCompile Include="..\..\..\..\..\..\..\Program Files (x86)\Parser Generator 2\Cpp\Source\yywccpya.cpp">
      <Filter>Resource Files</Filter>
    </ClCompile>
    <ClCompile Include="..\..\..\..\..\..\..\Program Files (x86)\Parser Generator 2\Cpp\Source\yywcdci.cpp">
      <Filter>Resource Files</Filter>
    </ClCompile>
    <ClCompile Include="..\..\..\..\..\..\..\Program Files (x86)\Parser Generator 2\Cpp\Source\yywcdcic.cpp">
      <Filter>Resource Files</Filter>
    </ClCompile>
    <ClCompile Include="..\..\..\..\..\..\..\Program Files (x86)\Parser Generator 2\Cpp\Source\yywcdela.cpp">
      <Filter>Resource Files</Filter>
    </ClCompile>
    <ClCompile Include="..\..\..\..\..\..\..\Program Files (x86)\Parser Generator 2\Cpp\Source\yywcdisc.cpp">
      <Filter>Resource Files</Filter>
    </ClCompile>
    <ClCompile Include="..\..\..\..\..\..\..\Program Files (x86)\Parser Generator 2\Cpp\Source\yywcdop.cpp">
      <Filter>Resource Files</Filter>
    </ClCompile>
    <ClCompile Include="..\..\..\..\..\..\..\Program Files (x86)\Parser Generator 2\Cpp\Source\yywcdpop.cpp">
      <Filter>Resource Files</Filter>
    </ClCompile>
    <ClCompile Include="..\..\..\..\..\..\..\Program Files (x86)\Parser Generator 2\Cpp\Source\yywcecho.cpp">
      <Filter>Resource Files</Filter>
    </ClCompile>
    <ClCompile Include="..\..\..\..\..\..\..\Program Files (x86)\Parser Generator 2\Cpp\Source\yywcgetc.cpp">
      <Filter>Resource Files</Filter>
    </ClCompile>
    <ClCompile Include="..\..\..\..\..\..\..\Program Files (x86)\Parser Generator 2\Cpp\Source\yywcgtok.cpp">
      <Filter>Resource Files</Filter>
    </ClCompile>
    <ClCompile Include="..\..\..\..\..\..\..\Program Files (x86)\Parser Generator 2\Cpp\Source\yywcinp.cpp">
      <Filter>Resource Files</Filter>
    </ClCompile>
    <ClCompile Include="..\..\..\..\..\..\..\Program Files (x86)\Parser Generator 2\Cpp\Source\yywclcln.cpp">
      <Filter>Resource Files</Filter>
    </ClCompile>
    <ClCompile Include="..\..\..\..\..\..\..\Program Files (x86)\Parser Generator 2\Cpp\Source\yywclcon.cpp">
      <Filter>Resource Files</Filter>
    </ClCompile>
    <ClCompile Include="..\..\..\..\..\..\..\Program Files (x86)\Parser Generator 2\Cpp\Source\yywclcre.cpp">
      <Filter>Resource Files</Filter>
    </ClCompile>
    <ClCompile Include="..\..\..\..\..\..\..\Program Files (x86)\Parser Generator 2\Cpp\Source\yywcldbg.cpp">
      <Filter>Resource Files</Filter>
    </ClCompile>
    <ClCompile Include="..\..\..\..\..\..\..\Program Files (x86)\Parser Generator 2\Cpp\Source\yywcldes.cpp">
      <Filter>Resource Files</Filter>
    </ClCompile>
    <ClCompile Include="..\..\..\..\..\..\..\Program Files (x86)\Parser Generator 2\Cpp\Source\yywclerr.cpp">
      <Filter>Resource Files</Filter>
    </ClCompile>
    <ClCompile Include="..\..\..\..\..\..\..\Program Files (x86)\Parser Generator 2\Cpp\Source\yywcless.cpp">
      <Filter>Resource Files</Filter>
    </ClCompile>
    <ClCompile Include="..\..\..\..\..\..\..\Program Files (x86)\Parser Generator 2\Cpp\Source\yywclex.cpp">
      <Filter>Resource Files</Filter>
    </ClCompile>
    <ClCompile Include="..\..\..\..\..\..\..\Program Files (x86)\Parser Generator 2\Cpp\Source\yywclexc.cpp">
      <Filter>Resource Files</Filter>
    </ClCompile>
    <ClCompile Include="..\..\..\..\..\..\..\Program Files (x86)\Parser Generator 2\Cpp\Source\yywclvts.cpp">
      <Filter>Resource Files</Filter>
    </ClCompile>
    <ClCompile Include="..\..\..\..\..\..\..\Program Files (x86)\Parser Generator 2\Cpp\Source\yywclvtv.cpp">
      <Filter>Resource Files</Filter>
    </ClCompile>
    <ClCompile Include="..\..\..\..\..\..\..\Program Files (x86)\Parser Generator 2\Cpp\Source\yywcnewa.cpp">
      <Filter>Resource Files</Filter>
    </ClCompile>
    <ClCompile Include="..\..\..\..\..\..\..\Program Files (x86)\Parser Generator 2\Cpp\Source\yywcoutp.cpp">
      <Filter>Resource Files</Filter>
    </ClCompile>
    <ClCompile Include="..\..\..\..\..\..\..\Program Files (x86)\Parser Generator 2\Cpp\Source\yywcpar.cpp">
      <Filter>Resource Files</Filter>
    </ClCompile>
    <ClCompile Include="..\..\..\..\..\..\..\Program Files (x86)\Parser Generator 2\Cpp\Source\yywcpcln.cpp">
      <Filter>Resource Files</Filter>
    </ClCompile>
    <ClCompile Include="..\..\..\..\..\..\..\Program Files (x86)\Parser Generator 2\Cpp\Source\yywcpcon.cpp">
      <Filter>Resource Files</Filter>
    </ClCompile>
    <ClCompile Include="..\..\..\..\..\..\..\Program Files (x86)\Parser Generator 2\Cpp\Source\yywcpcre.cpp">
      <Filter>Resource Files</Filter>
    </ClCompile>
    <ClCompile Include="..\..\..\..\..\..\..\Program Files (x86)\Parser Generator 2\Cpp\Source\yywcpdbg.cpp">
      <Filter>Resource Files</Filter>
    </ClCompile>
    <ClCompile Include="..\..\..\..\..\..\..\Program Files (x86)\Parser Generator 2\Cpp\Source\yywcpdes.cpp">
      <Filter>Resource Files</Filter>
    </ClCompile>
    <ClCompile Include="..\..\..\..\..\..\..\Program Files (x86)\Parser Generator 2\Cpp\Source\yywcperr.cpp">
      <Filter>Resource Files</Filter>
    </ClCompile>
    <ClCompile Include="..\..\..\..\..\..\..\Program Files (x86)\Parser Generator 2\Cpp\Source\yywcpop.cpp">
      <Filter>Resource Files</Filter>
    </ClCompile>
    <ClCompile Include="..\..\..\..\..\..\..\Program Files (x86)\Parser Generator 2\Cpp\Source\yywcpp.cpp">
      <Filter>Resource Files</Filter>
    </ClCompile>
    <ClCompile Include="..\..\..\..\..\..\..\Program Files (x86)\Parser Generator 2\Cpp\Source\yywcpush.cpp">
      <Filter>Resource Files</Filter>
    </ClCompile>
    <ClCompile Include="..\..\..\..\..\..\..\Program Files (x86)\Parser Generator 2\Cpp\Source\yywcres.cpp">
      <Filter>Resource Files</Filter>
    </ClCompile>
    <ClCompile Include="..\..\..\..\..\..\..\Program Files (x86)\Parser Generator 2\Cpp\Source\yywcserr.cpp">
      <Filter>Resource Files</Filter>
    </ClCompile>
    <ClCompile Include="..\..\..\..\..\..\..\Program Files (x86)\Parser Generator 2\Cpp\Source\yywcsin.cpp">
      <Filter>Resource Files</Filter>
    </ClCompile>
    <ClCompile Include="..\..\..\..\..\..\..\Program Files (x86)\Parser Generator 2\Cpp\Source\yywcsofw.cpp">
      <Filter>Resource Files</Filter>
    </ClCompile>
    <ClCompile Include="..\..\..\..\..\..\..\Program Files (x86)\Parser Generator 2\Cpp\Source\yywcsskp.cpp">
      <Filter>Resource Files</Filter>
    </ClCompile>
    <ClCompile Include="..\..\..\..\..\..\..\Program Files (x86)\Parser Generator 2\Cpp\Source\yywcsssz.cpp">
      <Filter>Resource Files</Filter>
    </ClCompile>
    <ClCompile Include="..\..\..\..\..\..\..\Program Files (x86)\Parser Generator 2\Cpp\Source\yywcstsz.cpp">
      <Filter>Resource Files</Filter>
    </ClCompile>
    <ClCompile Include="..\..\..\..\..\..\..\Program Files (x86)\Parser Generator 2\Cpp\Source\yywcstv.cpp">
      <Filter>Resource Files</Filter>
    </ClCompile>
    <ClCompile Include="..\..\..\..\..\..\..\Program Files (x86)\Parser Generator 2\Cpp\Source\yywcsup.cpp">
      <Filter>Resource Files</Filter>
    </ClCompile>
    <ClCompile Include="..\..\..\..\..\..\..\Program Files (x86)\Parser Generator 2\Cpp\Source\yywcsusz.cpp">
      <Filter>Resource Files</Filter>
    </ClCompile>
    <ClCompile Include="..\..\..\..\..\..\..\Program Files (x86)\Parser Generator 2\Cpp\Source\yywctofw.cpp">
      <Filter>Resource Files</Filter>
    </ClCompile>
    <ClCompile Include="..\..\..\..\..\..\..\Program Files (x86)\Parser Generator 2\Cpp\Source\yywcucin.cpp">
      <Filter>Resource Files</Filter>
    </ClCompile>
    <ClCompile Include="..\..\..\..\..\..\..\Program Files (x86)\Parser Generator 2\Cpp\Source\yywcunp.cpp">
      <Filter>Resource Files</Filter>
    </ClCompile>
  </ItemGroup>
  <ItemGroup>
    <ClInclude Include="..\Assignment 4\mylexer.h">
      <Filter>Header Files</Filter>
    </ClInclude>
  </ItemGroup>
</Project>